// !$*UTF8*$!
{
	archiveVersion = 1;
	classes = {
	};
	objectVersion = 46;
	objects = {

/* Begin PBXBuildFile section */
		BA10D5E31B2534C30036393B /* main.m in Sources */ = {isa = PBXBuildFile; fileRef = BA10D5E21B2534C30036393B /* main.m */; };
		BA10D5E61B2534C30036393B /* AppDelegate.m in Sources */ = {isa = PBXBuildFile; fileRef = BA10D5E51B2534C30036393B /* AppDelegate.m */; };
		BA10D5E91B2534C30036393B /* GameScene.m in Sources */ = {isa = PBXBuildFile; fileRef = BA10D5E81B2534C30036393B /* GameScene.m */; };
		BA10D5EB1B2534C30036393B /* GameScene.sks in Resources */ = {isa = PBXBuildFile; fileRef = BA10D5EA1B2534C30036393B /* GameScene.sks */; };
		BA10D5EE1B2534C30036393B /* GameViewController.m in Sources */ = {isa = PBXBuildFile; fileRef = BA10D5ED1B2534C30036393B /* GameViewController.m */; };
		BA10D5F11B2534C30036393B /* Main.storyboard in Resources */ = {isa = PBXBuildFile; fileRef = BA10D5EF1B2534C30036393B /* Main.storyboard */; };
		BA10D5F31B2534C30036393B /* Images.xcassets in Resources */ = {isa = PBXBuildFile; fileRef = BA10D5F21B2534C30036393B /* Images.xcassets */; };
		BA10D5F61B2534C30036393B /* LaunchScreen.xib in Resources */ = {isa = PBXBuildFile; fileRef = BA10D5F41B2534C30036393B /* LaunchScreen.xib */; };
		BA10D6021B2534C30036393B /* TestTests.m in Sources */ = {isa = PBXBuildFile; fileRef = BA10D6011B2534C30036393B /* TestTests.m */; };
/* End PBXBuildFile section */

/* Begin PBXContainerItemProxy section */
		BA10D5FC1B2534C30036393B /* PBXContainerItemProxy */ = {
			isa = PBXContainerItemProxy;
			containerPortal = BA10D5D51B2534C30036393B /* Project object */;
			proxyType = 1;
			remoteGlobalIDString = BA10D5DC1B2534C30036393B;
			remoteInfo = Test;
		};
/* End PBXContainerItemProxy section */

/* Begin PBXFileReference section */
		BA10D5DD1B2534C30036393B /* Test.app */ = {isa = PBXFileReference; explicitFileType = wrapper.application; includeInIndex = 0; path = Test.app; sourceTree = BUILT_PRODUCTS_DIR; };
		BA10D5E11B2534C30036393B /* Info.plist */ = {isa = PBXFileReference; lastKnownFileType = text.plist.xml; path = Info.plist; sourceTree = "<group>"; };
		BA10D5E21B2534C30036393B /* main.m */ = {isa = PBXFileReference; lastKnownFileType = sourcecode.c.objc; path = main.m; sourceTree = "<group>"; };
		BA10D5E41B2534C30036393B /* AppDelegate.h */ = {isa = PBXFileReference; lastKnownFileType = sourcecode.c.h; path = AppDelegate.h; sourceTree = "<group>"; };
		BA10D5E51B2534C30036393B /* AppDelegate.m */ = {isa = PBXFileReference; lastKnownFileType = sourcecode.c.objc; path = AppDelegate.m; sourceTree = "<group>"; };
		BA10D5E71B2534C30036393B /* GameScene.h */ = {isa = PBXFileReference; lastKnownFileType = sourcecode.c.h; path = GameScene.h; sourceTree = "<group>"; };
		BA10D5E81B2534C30036393B /* GameScene.m */ = {isa = PBXFileReference; lastKnownFileType = sourcecode.c.objc; path = GameScene.m; sourceTree = "<group>"; };
		BA10D5EA1B2534C30036393B /* GameScene.sks */ = {isa = PBXFileReference; lastKnownFileType = file.sks; path = GameScene.sks; sourceTree = "<group>"; };
		BA10D5EC1B2534C30036393B /* GameViewController.h */ = {isa = PBXFileReference; lastKnownFileType = sourcecode.c.h; path = GameViewController.h; sourceTree = "<group>"; };
		BA10D5ED1B2534C30036393B /* GameViewController.m */ = {isa = PBXFileReference; lastKnownFileType = sourcecode.c.objc; path = GameViewController.m; sourceTree = "<group>"; };
		BA10D5F01B2534C30036393B /* Base */ = {isa = PBXFileReference; lastKnownFileType = file.storyboard; name = Base; path = Base.lproj/Main.storyboard; sourceTree = "<group>"; };
		BA10D5F21B2534C30036393B /* Images.xcassets */ = {isa = PBXFileReference; lastKnownFileType = folder.assetcatalog; path = Images.xcassets; sourceTree = "<group>"; };
		BA10D5F51B2534C30036393B /* Base */ = {isa = PBXFileReference; lastKnownFileType = file.xib; name = Base; path = Base.lproj/LaunchScreen.xib; sourceTree = "<group>"; };
		BA10D5FB1B2534C30036393B /* TestTests.xctest */ = {isa = PBXFileReference; explicitFileType = wrapper.cfbundle; includeInIndex = 0; path = TestTests.xctest; sourceTree = BUILT_PRODUCTS_DIR; };
		BA10D6001B2534C30036393B /* Info.plist */ = {isa = PBXFileReference; lastKnownFileType = text.plist.xml; path = Info.plist; sourceTree = "<group>"; };
		BA10D6011B2534C30036393B /* TestTests.m */ = {isa = PBXFileReference; lastKnownFileType = sourcecode.c.objc; path = TestTests.m; sourceTree = "<group>"; };
/* End PBXFileReference section */

/* Begin PBXFrameworksBuildPhase section */
		BA10D5DA1B2534C30036393B /* Frameworks */ = {
			isa = PBXFrameworksBuildPhase;
			buildActionMask = 2147483647;
			files = (
			);
			runOnlyForDeploymentPostprocessing = 0;
		};
		BA10D5F81B2534C30036393B /* Frameworks */ = {
			isa = PBXFrameworksBuildPhase;
			buildActionMask = 2147483647;
			files = (
			);
			runOnlyForDeploymentPostprocessing = 0;
		};
/* End PBXFrameworksBuildPhase section */

/* Begin PBXGroup section */
		BA10D5D41B2534C30036393B = {
			isa = PBXGroup;
			children = (
				BA10D5DF1B2534C30036393B /* Test */,
				BA10D5FE1B2534C30036393B /* TestTests */,
				BA10D5DE1B2534C30036393B /* Products */,
			);
			sourceTree = "<group>";
		};
		BA10D5DE1B2534C30036393B /* Products */ = {
			isa = PBXGroup;
			children = (
				BA10D5DD1B2534C30036393B /* Test.app */,
				BA10D5FB1B2534C30036393B /* TestTests.xctest */,
			);
			name = Products;
			sourceTree = "<group>";
		};
		BA10D5DF1B2534C30036393B /* Test */ = {
			isa = PBXGroup;
			children = (
				BA10D5E41B2534C30036393B /* AppDelegate.h */,
				BA10D5E51B2534C30036393B /* AppDelegate.m */,
				BA10D5E71B2534C30036393B /* GameScene.h */,
				BA10D5E81B2534C30036393B /* GameScene.m */,
				BA10D5EA1B2534C30036393B /* GameScene.sks */,
				BA10D5EC1B2534C30036393B /* GameViewController.h */,
				BA10D5ED1B2534C30036393B /* GameViewController.m */,
				BA10D5EF1B2534C30036393B /* Main.storyboard */,
				BA10D5F21B2534C30036393B /* Images.xcassets */,
				BA10D5F41B2534C30036393B /* LaunchScreen.xib */,
				BA10D5E01B2534C30036393B /* Supporting Files */,
			);
			path = Test;
			sourceTree = "<group>";
		};
		BA10D5E01B2534C30036393B /* Supporting Files */ = {
			isa = PBXGroup;
			children = (
				BA10D5E11B2534C30036393B /* Info.plist */,
				BA10D5E21B2534C30036393B /* main.m */,
			);
			name = "Supporting Files";
			sourceTree = "<group>";
		};
		BA10D5FE1B2534C30036393B /* TestTests */ = {
			isa = PBXGroup;
			children = (
				BA10D6011B2534C30036393B /* TestTests.m */,
				BA10D5FF1B2534C30036393B /* Supporting Files */,
			);
			path = TestTests;
			sourceTree = "<group>";
		};
		BA10D5FF1B2534C30036393B /* Supporting Files */ = {
			isa = PBXGroup;
			children = (
				BA10D6001B2534C30036393B /* Info.plist */,
			);
			name = "Supporting Files";
			sourceTree = "<group>";
		};
/* End PBXGroup section */

/* Begin PBXNativeTarget section */
		BA10D5DC1B2534C30036393B /* Test */ = {
			isa = PBXNativeTarget;
			buildConfigurationList = BA10D6051B2534C30036393B /* Build configuration list for PBXNativeTarget "Test" */;
			buildPhases = (
				BA10D5D91B2534C30036393B /* Sources */,
				BA10D5DA1B2534C30036393B /* Frameworks */,
				BA10D5DB1B2534C30036393B /* Resources */,
			);
			buildRules = (
			);
			dependencies = (
			);
			name = Test;
			productName = Test;
			productReference = BA10D5DD1B2534C30036393B /* Test.app */;
			productType = "com.apple.product-type.application";
		};
		BA10D5FA1B2534C30036393B /* TestTests */ = {
			isa = PBXNativeTarget;
			buildConfigurationList = BA10D6081B2534C30036393B /* Build configuration list for PBXNativeTarget "TestTests" */;
			buildPhases = (
				BA10D5F71B2534C30036393B /* Sources */,
				BA10D5F81B2534C30036393B /* Frameworks */,
				BA10D5F91B2534C30036393B /* Resources */,
			);
			buildRules = (
			);
			dependencies = (
				BA10D5FD1B2534C30036393B /* PBXTargetDependency */,
			);
			name = TestTests;
			productName = TestTests;
			productReference = BA10D5FB1B2534C30036393B /* TestTests.xctest */;
			productType = "com.apple.product-type.bundle.unit-test";
		};
/* End PBXNativeTarget section */

/* Begin PBXProject section */
		BA10D5D51B2534C30036393B /* Project object */ = {
			isa = PBXProject;
			attributes = {
				LastUpgradeCheck = 0630;
				ORGANIZATIONNAME = "Brenna Pavlinchak";
				TargetAttributes = {
					BA10D5DC1B2534C30036393B = {
						CreatedOnToolsVersion = 6.3.2;
					};
					BA10D5FA1B2534C30036393B = {
						CreatedOnToolsVersion = 6.3.2;
						TestTargetID = BA10D5DC1B2534C30036393B;
					};
				};
			};
			buildConfigurationList = BA10D5D81B2534C30036393B /* Build configuration list for PBXProject "Test" */;
			compatibilityVersion = "Xcode 3.2";
			developmentRegion = English;
			hasScannedForEncodings = 0;
			knownRegions = (
				en,
				Base,
			);
			mainGroup = BA10D5D41B2534C30036393B;
			productRefGroup = BA10D5DE1B2534C30036393B /* Products */;
			projectDirPath = "";
			projectRoot = "";
			targets = (
				BA10D5DC1B2534C30036393B /* Test */,
				BA10D5FA1B2534C30036393B /* TestTests */,
			);
		};
/* End PBXProject section */

/* Begin PBXResourcesBuildPhase section */
		BA10D5DB1B2534C30036393B /* Resources */ = {
			isa = PBXResourcesBuildPhase;
			buildActionMask = 2147483647;
			files = (
				BA10D5F61B2534C30036393B /* LaunchScreen.xib in Resources */,
				BA10D5F31B2534C30036393B /* Images.xcassets in Resources */,
				BA10D5EB1B2534C30036393B /* GameScene.sks in Resources */,
				BA10D5F11B2534C30036393B /* Main.storyboard in Resources */,
			);
			runOnlyForDeploymentPostprocessing = 0;
		};
		BA10D5F91B2534C30036393B /* Resources */ = {
			isa = PBXResourcesBuildPhase;
			buildActionMask = 2147483647;
			files = (
			);
			runOnlyForDeploymentPostprocessing = 0;
		};
/* End PBXResourcesBuildPhase section */

/* Begin PBXSourcesBuildPhase section */
		BA10D5D91B2534C30036393B /* Sources */ = {
			isa = PBXSourcesBuildPhase;
			buildActionMask = 2147483647;
			files = (
				BA10D5EE1B2534C30036393B /* GameViewController.m in Sources */,
				BA10D5E61B2534C30036393B /* AppDelegate.m in Sources */,
				BA10D5E91B2534C30036393B /* GameScene.m in Sources */,
				BA10D5E31B2534C30036393B /* main.m in Sources */,
			);
			runOnlyForDeploymentPostprocessing = 0;
		};
		BA10D5F71B2534C30036393B /* Sources */ = {
			isa = PBXSourcesBuildPhase;
			buildActionMask = 2147483647;
			files = (
				BA10D6021B2534C30036393B /* TestTests.m in Sources */,
			);
			runOnlyForDeploymentPostprocessing = 0;
		};
/* End PBXSourcesBuildPhase section */

/* Begin PBXTargetDependency section */
		BA10D5FD1B2534C30036393B /* PBXTargetDependency */ = {
			isa = PBXTargetDependency;
			target = BA10D5DC1B2534C30036393B /* Test */;
			targetProxy = BA10D5FC1B2534C30036393B /* PBXContainerItemProxy */;
		};
/* End PBXTargetDependency section */

/* Begin PBXVariantGroup section */
		BA10D5EF1B2534C30036393B /* Main.storyboard */ = {
			isa = PBXVariantGroup;
			children = (
				BA10D5F01B2534C30036393B /* Base */,
			);
			name = Main.storyboard;
			sourceTree = "<group>";
		};
		BA10D5F41B2534C30036393B /* LaunchScreen.xib */ = {
			isa = PBXVariantGroup;
			children = (
				BA10D5F51B2534C30036393B /* Base */,
			);
			name = LaunchScreen.xib;
			sourceTree = "<group>";
		};
/* End PBXVariantGroup section */

/* Begin XCBuildConfiguration section */
		BA10D6031B2534C30036393B /* Debug */ = {
			isa = XCBuildConfiguration;
			buildSettings = {
				ALWAYS_SEARCH_USER_PATHS = NO;
				CLANG_CXX_LANGUAGE_STANDARD = "gnu++0x";
				CLANG_CXX_LIBRARY = "libc++";
				CLANG_ENABLE_MODULES = YES;
				CLANG_ENABLE_OBJC_ARC = YES;
				CLANG_WARN_BOOL_CONVERSION = YES;
				CLANG_WARN_CONSTANT_CONVERSION = YES;
				CLANG_WARN_DIRECT_OBJC_ISA_USAGE = YES_ERROR;
				CLANG_WARN_EMPTY_BODY = YES;
				CLANG_WARN_ENUM_CONVERSION = YES;
				CLANG_WARN_INT_CONVERSION = YES;
				CLANG_WARN_OBJC_ROOT_CLASS = YES_ERROR;
				CLANG_WARN_UNREACHABLE_CODE = YES;
				CLANG_WARN__DUPLICATE_METHOD_MATCH = YES;
				"CODE_SIGN_IDENTITY[sdk=iphoneos*]" = "iPhone Developer";
				COPY_PHASE_STRIP = NO;
				DEBUG_INFORMATION_FORMAT = "dwarf-with-dsym";
				ENABLE_STRICT_OBJC_MSGSEND = YES;
				GCC_C_LANGUAGE_STANDARD = gnu99;
				GCC_DYNAMIC_NO_PIC = NO;
				GCC_NO_COMMON_BLOCKS = YES;
				GCC_OPTIMIZATION_LEVEL = 0;
				GCC_PREPROCESSOR_DEFINITIONS = (
					"DEBUG=1",
					"$(inherited)",
				);
				GCC_SYMBOLS_PRIVATE_EXTERN = NO;
				GCC_WARN_64_TO_32_BIT_CONVERSION = YES;
				GCC_WARN_ABOUT_RETURN_TYPE = YES_ERROR;
				GCC_WARN_UNDECLARED_SELECTOR = YES;
				GCC_WARN_UNINITIALIZED_AUTOS = YES_AGGRESSIVE;
				GCC_WARN_UNUSED_FUNCTION = YES;
				GCC_WARN_UNUSED_VARIABLE = YES;
				IPHONEOS_DEPLOYMENT_TARGET = 8.3;
				MTL_ENABLE_DEBUG_INFO = YES;
				ONLY_ACTIVE_ARCH = YES;
				SDKROOT = iphoneos;
			};
			name = Debug;
		};
		BA10D6041B2534C30036393B /* Release */ = {
			isa = XCBuildConfiguration;
			buildSettings = {
				ALWAYS_SEARCH_USER_PATHS = NO;
				CLANG_CXX_LANGUAGE_STANDARD = "gnu++0x";
				CLANG_CXX_LIBRARY = "libc++";
				CLANG_ENABLE_MODULES = YES;
				CLANG_ENABLE_OBJC_ARC = YES;
				CLANG_WARN_BOOL_CONVERSION = YES;
				CLANG_WARN_CONSTANT_CONVERSION = YES;
				CLANG_WARN_DIRECT_OBJC_ISA_USAGE = YES_ERROR;
				CLANG_WARN_EMPTY_BODY = YES;
				CLANG_WARN_ENUM_CONVERSION = YES;
				CLANG_WARN_INT_CONVERSION = YES;
				CLANG_WARN_OBJC_ROOT_CLASS = YES_ERROR;
				CLANG_WARN_UNREACHABLE_CODE = YES;
				CLANG_WARN__DUPLICATE_METHOD_MATCH = YES;
				"CODE_SIGN_IDENTITY[sdk=iphoneos*]" = "iPhone Developer";
				COPY_PHASE_STRIP = NO;
				DEBUG_INFORMATION_FORMAT = "dwarf-with-dsym";
				ENABLE_NS_ASSERTIONS = NO;
				ENABLE_STRICT_OBJC_MSGSEND = YES;
				GCC_C_LANGUAGE_STANDARD = gnu99;
				GCC_NO_COMMON_BLOCKS = YES;
				GCC_WARN_64_TO_32_BIT_CONVERSION = YES;
				GCC_WARN_ABOUT_RETURN_TYPE = YES_ERROR;
				GCC_WARN_UNDECLARED_SELECTOR = YES;
				GCC_WARN_UNINITIALIZED_AUTOS = YES_AGGRESSIVE;
				GCC_WARN_UNUSED_FUNCTION = YES;
				GCC_WARN_UNUSED_VARIABLE = YES;
				IPHONEOS_DEPLOYMENT_TARGET = 8.3;
				MTL_ENABLE_DEBUG_INFO = NO;
				SDKROOT = iphoneos;
				VALIDATE_PRODUCT = YES;
			};
			name = Release;
		};
		BA10D6061B2534C30036393B /* Debug */ = {
			isa = XCBuildConfiguration;
			buildSettings = {
				ASSETCATALOG_COMPILER_APPICON_NAME = AppIcon;
				INFOPLIST_FILE = Test/Info.plist;
				LD_RUNPATH_SEARCH_PATHS = "$(inherited) @executable_path/Frameworks";
				PRODUCT_NAME = "$(TARGET_NAME)";
			};
			name = Debug;
		};
		BA10D6071B2534C30036393B /* Release */ = {
			isa = XCBuildConfiguration;
			buildSettings = {
				ASSETCATALOG_COMPILER_APPICON_NAME = AppIcon;
				INFOPLIST_FILE = Test/Info.plist;
				LD_RUNPATH_SEARCH_PATHS = "$(inherited) @executable_path/Frameworks";
				PRODUCT_NAME = "$(TARGET_NAME)";
			};
			name = Release;
		};
		BA10D6091B2534C30036393B /* Debug */ = {
			isa = XCBuildConfiguration;
			buildSettings = {
				BUNDLE_LOADER = "$(TEST_HOST)";
				FRAMEWORK_SEARCH_PATHS = (
					"$(SDKROOT)/Developer/Library/Frameworks",
					"$(inherited)",
				);
				GCC_PREPROCESSOR_DEFINITIONS = (
					"DEBUG=1",
					"$(inherited)",
				);
				INFOPLIST_FILE = TestTests/Info.plist;
				LD_RUNPATH_SEARCH_PATHS = "$(inherited) @executable_path/Frameworks @loader_path/Frameworks";
				PRODUCT_NAME = "$(TARGET_NAME)";
				TEST_HOST = "$(BUILT_PRODUCTS_DIR)/Test.app/Test";
			};
			name = Debug;
		};
		BA10D60A1B2534C30036393B /* Release */ = {
			isa = XCBuildConfiguration;
			buildSettings = {
				BUNDLE_LOADER = "$(TEST_HOST)";
				FRAMEWORK_SEARCH_PATHS = (
					"$(SDKROOT)/Developer/Library/Frameworks",
					"$(inherited)",
				);
				INFOPLIST_FILE = TestTests/Info.plist;
				LD_RUNPATH_SEARCH_PATHS = "$(inherited) @executable_path/Frameworks @loader_path/Frameworks";
				PRODUCT_NAME = "$(TARGET_NAME)";
				TEST_HOST = "$(BUILT_PRODUCTS_DIR)/Test.app/Test";
			};
			name = Release;
		};
/* End XCBuildConfiguration section */

/* Begin XCConfigurationList section */
		BA10D5D81B2534C30036393B /* Build configuration list for PBXProject "Test" */ = {
			isa = XCConfigurationList;
			buildConfigurations = (
				BA10D6031B2534C30036393B /* Debug */,
				BA10D6041B2534C30036393B /* Release */,
			);
			defaultConfigurationIsVisible = 0;
			defaultConfigurationName = Release;
		};
		BA10D6051B2534C30036393B /* Build configuration list for PBXNativeTarget "Test" */ = {
			isa = XCConfigurationList;
			buildConfigurations = (
				BA10D6061B2534C30036393B /* Debug */,
				BA10D6071B2534C30036393B /* Release */,
			);
			defaultConfigurationIsVisible = 0;
		};
		BA10D6081B2534C30036393B /* Build configuration list for PBXNativeTarget "TestTests" */ = {
			isa = XCConfigurationList;
			buildConfigurations = (
				BA10D6091B2534C30036393B /* Debug */,
				BA10D60A1B2534C30036393B /* Release */,
			);
			defaultConfigurationIsVisible = 0;
		};
/* End XCConfigurationList section */
	};
	rootObject = BA10D5D51B2534C30036393B /* Project object */;
}
