// !$*UTF8*$!
{
	archiveVersion = 1;
	classes = {
	};
	objectVersion = 46;
	objects = {

/* Begin PBXBuildFile section */
		BA16C4171B2FCEF4006B3384 /* main.m in Sources */ = {isa = PBXBuildFile; fileRef = BA16C4161B2FCEF4006B3384 /* main.m */; };
		BA16C41A1B2FCEF4006B3384 /* AppDelegate.m in Sources */ = {isa = PBXBuildFile; fileRef = BA16C4191B2FCEF4006B3384 /* AppDelegate.m */; };
		BA16C41D1B2FCEF4006B3384 /* GameScene.m in Sources */ = {isa = PBXBuildFile; fileRef = BA16C41C1B2FCEF4006B3384 /* GameScene.m */; };
		BA16C41F1B2FCEF4006B3384 /* GameScene.sks in Resources */ = {isa = PBXBuildFile; fileRef = BA16C41E1B2FCEF4006B3384 /* GameScene.sks */; };
		BA16C4221B2FCEF5006B3384 /* GameViewController.m in Sources */ = {isa = PBXBuildFile; fileRef = BA16C4211B2FCEF5006B3384 /* GameViewController.m */; };
		BA16C4251B2FCEF5006B3384 /* Main.storyboard in Resources */ = {isa = PBXBuildFile; fileRef = BA16C4231B2FCEF5006B3384 /* Main.storyboard */; };
		BA16C4271B2FCEF5006B3384 /* Images.xcassets in Resources */ = {isa = PBXBuildFile; fileRef = BA16C4261B2FCEF5006B3384 /* Images.xcassets */; };
		BA16C42A1B2FCEF5006B3384 /* LaunchScreen.xib in Resources */ = {isa = PBXBuildFile; fileRef = BA16C4281B2FCEF5006B3384 /* LaunchScreen.xib */; };
		BA16C4361B2FCEF5006B3384 /* MGDWeek3Tests.m in Sources */ = {isa = PBXBuildFile; fileRef = BA16C4351B2FCEF5006B3384 /* MGDWeek3Tests.m */; };
		BA16C4451B312E69006B3384 /* disneyCard1.png in Resources */ = {isa = PBXBuildFile; fileRef = BA16C4411B312E69006B3384 /* disneyCard1.png */; };
		BA16C4461B312E69006B3384 /* disneyCard2.png in Resources */ = {isa = PBXBuildFile; fileRef = BA16C4421B312E69006B3384 /* disneyCard2.png */; };
		BA16C4471B312E69006B3384 /* disneyCard3.png in Resources */ = {isa = PBXBuildFile; fileRef = BA16C4431B312E69006B3384 /* disneyCard3.png */; };
		BA16C4481B312E69006B3384 /* disneyCard4.png in Resources */ = {isa = PBXBuildFile; fileRef = BA16C4441B312E69006B3384 /* disneyCard4.png */; };
		BA16C4571B3752FF006B3384 /* CardClass.m in Sources */ = {isa = PBXBuildFile; fileRef = BA16C4561B3752FF006B3384 /* CardClass.m */; };
/* End PBXBuildFile section */

/* Begin PBXContainerItemProxy section */
		BA16C4301B2FCEF5006B3384 /* PBXContainerItemProxy */ = {
			isa = PBXContainerItemProxy;
			containerPortal = BA16C4091B2FCEF4006B3384 /* Project object */;
			proxyType = 1;
			remoteGlobalIDString = BA16C4101B2FCEF4006B3384;
			remoteInfo = MGDWeek3;
		};
/* End PBXContainerItemProxy section */

/* Begin PBXFileReference section */
		BA16C4111B2FCEF4006B3384 /* MGDWeek3.app */ = {isa = PBXFileReference; explicitFileType = wrapper.application; includeInIndex = 0; path = MGDWeek3.app; sourceTree = BUILT_PRODUCTS_DIR; };
		BA16C4151B2FCEF4006B3384 /* Info.plist */ = {isa = PBXFileReference; lastKnownFileType = text.plist.xml; path = Info.plist; sourceTree = "<group>"; };
		BA16C4161B2FCEF4006B3384 /* main.m */ = {isa = PBXFileReference; lastKnownFileType = sourcecode.c.objc; path = main.m; sourceTree = "<group>"; };
		BA16C4181B2FCEF4006B3384 /* AppDelegate.h */ = {isa = PBXFileReference; lastKnownFileType = sourcecode.c.h; path = AppDelegate.h; sourceTree = "<group>"; };
		BA16C4191B2FCEF4006B3384 /* AppDelegate.m */ = {isa = PBXFileReference; lastKnownFileType = sourcecode.c.objc; path = AppDelegate.m; sourceTree = "<group>"; };
		BA16C41B1B2FCEF4006B3384 /* GameScene.h */ = {isa = PBXFileReference; lastKnownFileType = sourcecode.c.h; path = GameScene.h; sourceTree = "<group>"; };
		BA16C41C1B2FCEF4006B3384 /* GameScene.m */ = {isa = PBXFileReference; lastKnownFileType = sourcecode.c.objc; path = GameScene.m; sourceTree = "<group>"; };
		BA16C41E1B2FCEF4006B3384 /* GameScene.sks */ = {isa = PBXFileReference; lastKnownFileType = file.sks; path = GameScene.sks; sourceTree = "<group>"; };
		BA16C4201B2FCEF5006B3384 /* GameViewController.h */ = {isa = PBXFileReference; lastKnownFileType = sourcecode.c.h; path = GameViewController.h; sourceTree = "<group>"; };
		BA16C4211B2FCEF5006B3384 /* GameViewController.m */ = {isa = PBXFileReference; lastKnownFileType = sourcecode.c.objc; path = GameViewController.m; sourceTree = "<group>"; };
		BA16C4241B2FCEF5006B3384 /* Base */ = {isa = PBXFileReference; lastKnownFileType = file.storyboard; name = Base; path = Base.lproj/Main.storyboard; sourceTree = "<group>"; };
		BA16C4261B2FCEF5006B3384 /* Images.xcassets */ = {isa = PBXFileReference; lastKnownFileType = folder.assetcatalog; path = Images.xcassets; sourceTree = "<group>"; };
		BA16C4291B2FCEF5006B3384 /* Base */ = {isa = PBXFileReference; lastKnownFileType = file.xib; name = Base; path = Base.lproj/LaunchScreen.xib; sourceTree = "<group>"; };
		BA16C42F1B2FCEF5006B3384 /* MGDWeek3Tests.xctest */ = {isa = PBXFileReference; explicitFileType = wrapper.cfbundle; includeInIndex = 0; path = MGDWeek3Tests.xctest; sourceTree = BUILT_PRODUCTS_DIR; };
		BA16C4341B2FCEF5006B3384 /* Info.plist */ = {isa = PBXFileReference; lastKnownFileType = text.plist.xml; path = Info.plist; sourceTree = "<group>"; };
		BA16C4351B2FCEF5006B3384 /* MGDWeek3Tests.m */ = {isa = PBXFileReference; lastKnownFileType = sourcecode.c.objc; path = MGDWeek3Tests.m; sourceTree = "<group>"; };
		BA16C4411B312E69006B3384 /* disneyCard1.png */ = {isa = PBXFileReference; lastKnownFileType = image.png; name = disneyCard1.png; path = ../disneyCard1.png; sourceTree = "<group>"; };
		BA16C4421B312E69006B3384 /* disneyCard2.png */ = {isa = PBXFileReference; lastKnownFileType = image.png; name = disneyCard2.png; path = ../disneyCard2.png; sourceTree = "<group>"; };
		BA16C4431B312E69006B3384 /* disneyCard3.png */ = {isa = PBXFileReference; lastKnownFileType = image.png; name = disneyCard3.png; path = ../disneyCard3.png; sourceTree = "<group>"; };
		BA16C4441B312E69006B3384 /* disneyCard4.png */ = {isa = PBXFileReference; lastKnownFileType = image.png; name = disneyCard4.png; path = ../disneyCard4.png; sourceTree = "<group>"; };
		BA16C4551B3752FF006B3384 /* CardClass.h */ = {isa = PBXFileReference; fileEncoding = 4; lastKnownFileType = sourcecode.c.h; path = CardClass.h; sourceTree = "<group>"; };
		BA16C4561B3752FF006B3384 /* CardClass.m */ = {isa = PBXFileReference; fileEncoding = 4; lastKnownFileType = sourcecode.c.objc; path = CardClass.m; sourceTree = "<group>"; };
/* End PBXFileReference section */

/* Begin PBXFrameworksBuildPhase section */
		BA16C40E1B2FCEF4006B3384 /* Frameworks */ = {
			isa = PBXFrameworksBuildPhase;
			buildActionMask = 2147483647;
			files = (
			);
			runOnlyForDeploymentPostprocessing = 0;
		};
		BA16C42C1B2FCEF5006B3384 /* Frameworks */ = {
			isa = PBXFrameworksBuildPhase;
			buildActionMask = 2147483647;
			files = (
			);
			runOnlyForDeploymentPostprocessing = 0;
		};
/* End PBXFrameworksBuildPhase section */

/* Begin PBXGroup section */
		BA16C4081B2FCEF4006B3384 = {
			isa = PBXGroup;
			children = (
				BA16C4131B2FCEF4006B3384 /* MGDWeek3 */,
				BA16C4321B2FCEF5006B3384 /* MGDWeek3Tests */,
				BA16C4121B2FCEF4006B3384 /* Products */,
			);
			sourceTree = "<group>";
		};
		BA16C4121B2FCEF4006B3384 /* Products */ = {
			isa = PBXGroup;
			children = (
				BA16C4111B2FCEF4006B3384 /* MGDWeek3.app */,
				BA16C42F1B2FCEF5006B3384 /* MGDWeek3Tests.xctest */,
			);
			name = Products;
			sourceTree = "<group>";
		};
		BA16C4131B2FCEF4006B3384 /* MGDWeek3 */ = {
			isa = PBXGroup;
			children = (
				BA16C4181B2FCEF4006B3384 /* AppDelegate.h */,
				BA16C4191B2FCEF4006B3384 /* AppDelegate.m */,
				BA16C41B1B2FCEF4006B3384 /* GameScene.h */,
				BA16C41C1B2FCEF4006B3384 /* GameScene.m */,
				BA16C41E1B2FCEF4006B3384 /* GameScene.sks */,
				BA16C4201B2FCEF5006B3384 /* GameViewController.h */,
				BA16C4211B2FCEF5006B3384 /* GameViewController.m */,
				BA16C4551B3752FF006B3384 /* CardClass.h */,
				BA16C4561B3752FF006B3384 /* CardClass.m */,
				BA16C4231B2FCEF5006B3384 /* Main.storyboard */,
				BA16C4411B312E69006B3384 /* disneyCard1.png */,
				BA16C4421B312E69006B3384 /* disneyCard2.png */,
				BA16C4431B312E69006B3384 /* disneyCard3.png */,
				BA16C4441B312E69006B3384 /* disneyCard4.png */,
				BA16C4261B2FCEF5006B3384 /* Images.xcassets */,
				BA16C4281B2FCEF5006B3384 /* LaunchScreen.xib */,
				BA16C4141B2FCEF4006B3384 /* Supporting Files */,
			);
			path = MGDWeek3;
			sourceTree = "<group>";
		};
		BA16C4141B2FCEF4006B3384 /* Supporting Files */ = {
			isa = PBXGroup;
			children = (
				BA16C4151B2FCEF4006B3384 /* Info.plist */,
				BA16C4161B2FCEF4006B3384 /* main.m */,
			);
			name = "Supporting Files";
			sourceTree = "<group>";
		};
		BA16C4321B2FCEF5006B3384 /* MGDWeek3Tests */ = {
			isa = PBXGroup;
			children = (
				BA16C4351B2FCEF5006B3384 /* MGDWeek3Tests.m */,
				BA16C4331B2FCEF5006B3384 /* Supporting Files */,
			);
			path = MGDWeek3Tests;
			sourceTree = "<group>";
		};
		BA16C4331B2FCEF5006B3384 /* Supporting Files */ = {
			isa = PBXGroup;
			children = (
				BA16C4341B2FCEF5006B3384 /* Info.plist */,
			);
			name = "Supporting Files";
			sourceTree = "<group>";
		};
/* End PBXGroup section */

/* Begin PBXNativeTarget section */
		BA16C4101B2FCEF4006B3384 /* MGDWeek3 */ = {
			isa = PBXNativeTarget;
			buildConfigurationList = BA16C4391B2FCEF5006B3384 /* Build configuration list for PBXNativeTarget "MGDWeek3" */;
			buildPhases = (
				BA16C40D1B2FCEF4006B3384 /* Sources */,
				BA16C40E1B2FCEF4006B3384 /* Frameworks */,
				BA16C40F1B2FCEF4006B3384 /* Resources */,
			);
			buildRules = (
			);
			dependencies = (
			);
			name = MGDWeek3;
			productName = MGDWeek3;
			productReference = BA16C4111B2FCEF4006B3384 /* MGDWeek3.app */;
			productType = "com.apple.product-type.application";
		};
		BA16C42E1B2FCEF5006B3384 /* MGDWeek3Tests */ = {
			isa = PBXNativeTarget;
			buildConfigurationList = BA16C43C1B2FCEF5006B3384 /* Build configuration list for PBXNativeTarget "MGDWeek3Tests" */;
			buildPhases = (
				BA16C42B1B2FCEF5006B3384 /* Sources */,
				BA16C42C1B2FCEF5006B3384 /* Frameworks */,
				BA16C42D1B2FCEF5006B3384 /* Resources */,
			);
			buildRules = (
			);
			dependencies = (
				BA16C4311B2FCEF5006B3384 /* PBXTargetDependency */,
			);
			name = MGDWeek3Tests;
			productName = MGDWeek3Tests;
			productReference = BA16C42F1B2FCEF5006B3384 /* MGDWeek3Tests.xctest */;
			productType = "com.apple.product-type.bundle.unit-test";
		};
/* End PBXNativeTarget section */

/* Begin PBXProject section */
		BA16C4091B2FCEF4006B3384 /* Project object */ = {
			isa = PBXProject;
			attributes = {
				LastUpgradeCheck = 0630;
				ORGANIZATIONNAME = "Brenna Pavlinchak";
				TargetAttributes = {
					BA16C4101B2FCEF4006B3384 = {
						CreatedOnToolsVersion = 6.3.2;
					};
					BA16C42E1B2FCEF5006B3384 = {
						CreatedOnToolsVersion = 6.3.2;
						TestTargetID = BA16C4101B2FCEF4006B3384;
					};
				};
			};
			buildConfigurationList = BA16C40C1B2FCEF4006B3384 /* Build configuration list for PBXProject "MGDWeek3" */;
			compatibilityVersion = "Xcode 3.2";
			developmentRegion = English;
			hasScannedForEncodings = 0;
			knownRegions = (
				en,
				Base,
			);
			mainGroup = BA16C4081B2FCEF4006B3384;
			productRefGroup = BA16C4121B2FCEF4006B3384 /* Products */;
			projectDirPath = "";
			projectRoot = "";
			targets = (
				BA16C4101B2FCEF4006B3384 /* MGDWeek3 */,
				BA16C42E1B2FCEF5006B3384 /* MGDWeek3Tests */,
			);
		};
/* End PBXProject section */

/* Begin PBXResourcesBuildPhase section */
		BA16C40F1B2FCEF4006B3384 /* Resources */ = {
			isa = PBXResourcesBuildPhase;
			buildActionMask = 2147483647;
			files = (
				BA16C4461B312E69006B3384 /* disneyCard2.png in Resources */,
				BA16C42A1B2FCEF5006B3384 /* LaunchScreen.xib in Resources */,
				BA16C4271B2FCEF5006B3384 /* Images.xcassets in Resources */,
				BA16C41F1B2FCEF4006B3384 /* GameScene.sks in Resources */,
				BA16C4481B312E69006B3384 /* disneyCard4.png in Resources */,
				BA16C4451B312E69006B3384 /* disneyCard1.png in Resources */,
				BA16C4251B2FCEF5006B3384 /* Main.storyboard in Resources */,
				BA16C4471B312E69006B3384 /* disneyCard3.png in Resources */,
			);
			runOnlyForDeploymentPostprocessing = 0;
		};
		BA16C42D1B2FCEF5006B3384 /* Resources */ = {
			isa = PBXResourcesBuildPhase;
			buildActionMask = 2147483647;
			files = (
			);
			runOnlyForDeploymentPostprocessing = 0;
		};
/* End PBXResourcesBuildPhase section */

/* Begin PBXSourcesBuildPhase section */
		BA16C40D1B2FCEF4006B3384 /* Sources */ = {
			isa = PBXSourcesBuildPhase;
			buildActionMask = 2147483647;
			files = (
				BA16C4221B2FCEF5006B3384 /* GameViewController.m in Sources */,
				BA16C41A1B2FCEF4006B3384 /* AppDelegate.m in Sources */,
				BA16C41D1B2FCEF4006B3384 /* GameScene.m in Sources */,
				BA16C4571B3752FF006B3384 /* CardClass.m in Sources */,
				BA16C4171B2FCEF4006B3384 /* main.m in Sources */,
			);
			runOnlyForDeploymentPostprocessing = 0;
		};
		BA16C42B1B2FCEF5006B3384 /* Sources */ = {
			isa = PBXSourcesBuildPhase;
			buildActionMask = 2147483647;
			files = (
				BA16C4361B2FCEF5006B3384 /* MGDWeek3Tests.m in Sources */,
			);
			runOnlyForDeploymentPostprocessing = 0;
		};
/* End PBXSourcesBuildPhase section */

/* Begin PBXTargetDependency section */
		BA16C4311B2FCEF5006B3384 /* PBXTargetDependency */ = {
			isa = PBXTargetDependency;
			target = BA16C4101B2FCEF4006B3384 /* MGDWeek3 */;
			targetProxy = BA16C4301B2FCEF5006B3384 /* PBXContainerItemProxy */;
		};
/* End PBXTargetDependency section */

/* Begin PBXVariantGroup section */
		BA16C4231B2FCEF5006B3384 /* Main.storyboard */ = {
			isa = PBXVariantGroup;
			children = (
				BA16C4241B2FCEF5006B3384 /* Base */,
			);
			name = Main.storyboard;
			sourceTree = "<group>";
		};
		BA16C4281B2FCEF5006B3384 /* LaunchScreen.xib */ = {
			isa = PBXVariantGroup;
			children = (
				BA16C4291B2FCEF5006B3384 /* Base */,
			);
			name = LaunchScreen.xib;
			sourceTree = "<group>";
		};
/* End PBXVariantGroup section */

/* Begin XCBuildConfiguration section */
		BA16C4371B2FCEF5006B3384 /* Debug */ = {
			isa = XCBuildConfiguration;
			buildSettings = {
				ALWAYS_SEARCH_USER_PATHS = NO;
				CLANG_CXX_LANGUAGE_STANDARD = "gnu++0x";
				CLANG_CXX_LIBRARY = "libc++";
				CLANG_ENABLE_MODULES = YES;
				CLANG_ENABLE_OBJC_ARC = YES;
				CLANG_WARN_BOOL_CONVERSION = YES;
				CLANG_WARN_CONSTANT_CONVERSION = YES;
				CLANG_WARN_DIRECT_OBJC_ISA_USAGE = YES_ERROR;
				CLANG_WARN_EMPTY_BODY = YES;
				CLANG_WARN_ENUM_CONVERSION = YES;
				CLANG_WARN_INT_CONVERSION = YES;
				CLANG_WARN_OBJC_ROOT_CLASS = YES_ERROR;
				CLANG_WARN_UNREACHABLE_CODE = YES;
				CLANG_WARN__DUPLICATE_METHOD_MATCH = YES;
				"CODE_SIGN_IDENTITY[sdk=iphoneos*]" = "iPhone Developer";
				COPY_PHASE_STRIP = NO;
				DEBUG_INFORMATION_FORMAT = "dwarf-with-dsym";
				ENABLE_STRICT_OBJC_MSGSEND = YES;
				GCC_C_LANGUAGE_STANDARD = gnu99;
				GCC_DYNAMIC_NO_PIC = NO;
				GCC_NO_COMMON_BLOCKS = YES;
				GCC_OPTIMIZATION_LEVEL = 0;
				GCC_PREPROCESSOR_DEFINITIONS = (
					"DEBUG=1",
					"$(inherited)",
				);
				GCC_SYMBOLS_PRIVATE_EXTERN = NO;
				GCC_WARN_64_TO_32_BIT_CONVERSION = YES;
				GCC_WARN_ABOUT_RETURN_TYPE = YES_ERROR;
				GCC_WARN_UNDECLARED_SELECTOR = YES;
				GCC_WARN_UNINITIALIZED_AUTOS = YES_AGGRESSIVE;
				GCC_WARN_UNUSED_FUNCTION = YES;
				GCC_WARN_UNUSED_VARIABLE = YES;
				IPHONEOS_DEPLOYMENT_TARGET = 8.3;
				MTL_ENABLE_DEBUG_INFO = YES;
				ONLY_ACTIVE_ARCH = YES;
				SDKROOT = iphoneos;
				TARGETED_DEVICE_FAMILY = "1,2";
			};
			name = Debug;
		};
		BA16C4381B2FCEF5006B3384 /* Release */ = {
			isa = XCBuildConfiguration;
			buildSettings = {
				ALWAYS_SEARCH_USER_PATHS = NO;
				CLANG_CXX_LANGUAGE_STANDARD = "gnu++0x";
				CLANG_CXX_LIBRARY = "libc++";
				CLANG_ENABLE_MODULES = YES;
				CLANG_ENABLE_OBJC_ARC = YES;
				CLANG_WARN_BOOL_CONVERSION = YES;
				CLANG_WARN_CONSTANT_CONVERSION = YES;
				CLANG_WARN_DIRECT_OBJC_ISA_USAGE = YES_ERROR;
				CLANG_WARN_EMPTY_BODY = YES;
				CLANG_WARN_ENUM_CONVERSION = YES;
				CLANG_WARN_INT_CONVERSION = YES;
				CLANG_WARN_OBJC_ROOT_CLASS = YES_ERROR;
				CLANG_WARN_UNREACHABLE_CODE = YES;
				CLANG_WARN__DUPLICATE_METHOD_MATCH = YES;
				"CODE_SIGN_IDENTITY[sdk=iphoneos*]" = "iPhone Developer";
				COPY_PHASE_STRIP = NO;
				DEBUG_INFORMATION_FORMAT = "dwarf-with-dsym";
				ENABLE_NS_ASSERTIONS = NO;
				ENABLE_STRICT_OBJC_MSGSEND = YES;
				GCC_C_LANGUAGE_STANDARD = gnu99;
				GCC_NO_COMMON_BLOCKS = YES;
				GCC_WARN_64_TO_32_BIT_CONVERSION = YES;
				GCC_WARN_ABOUT_RETURN_TYPE = YES_ERROR;
				GCC_WARN_UNDECLARED_SELECTOR = YES;
				GCC_WARN_UNINITIALIZED_AUTOS = YES_AGGRESSIVE;
				GCC_WARN_UNUSED_FUNCTION = YES;
				GCC_WARN_UNUSED_VARIABLE = YES;
				IPHONEOS_DEPLOYMENT_TARGET = 8.3;
				MTL_ENABLE_DEBUG_INFO = NO;
				SDKROOT = iphoneos;
				TARGETED_DEVICE_FAMILY = "1,2";
				VALIDATE_PRODUCT = YES;
			};
			name = Release;
		};
		BA16C43A1B2FCEF5006B3384 /* Debug */ = {
			isa = XCBuildConfiguration;
			buildSettings = {
				ASSETCATALOG_COMPILER_APPICON_NAME = AppIcon;
				INFOPLIST_FILE = MGDWeek3/Info.plist;
				LD_RUNPATH_SEARCH_PATHS = "$(inherited) @executable_path/Frameworks";
				PRODUCT_NAME = "$(TARGET_NAME)";
			};
			name = Debug;
		};
		BA16C43B1B2FCEF5006B3384 /* Release */ = {
			isa = XCBuildConfiguration;
			buildSettings = {
				ASSETCATALOG_COMPILER_APPICON_NAME = AppIcon;
				INFOPLIST_FILE = MGDWeek3/Info.plist;
				LD_RUNPATH_SEARCH_PATHS = "$(inherited) @executable_path/Frameworks";
				PRODUCT_NAME = "$(TARGET_NAME)";
			};
			name = Release;
		};
		BA16C43D1B2FCEF5006B3384 /* Debug */ = {
			isa = XCBuildConfiguration;
			buildSettings = {
				BUNDLE_LOADER = "$(TEST_HOST)";
				FRAMEWORK_SEARCH_PATHS = (
					"$(SDKROOT)/Developer/Library/Frameworks",
					"$(inherited)",
				);
				GCC_PREPROCESSOR_DEFINITIONS = (
					"DEBUG=1",
					"$(inherited)",
				);
				INFOPLIST_FILE = MGDWeek3Tests/Info.plist;
				LD_RUNPATH_SEARCH_PATHS = "$(inherited) @executable_path/Frameworks @loader_path/Frameworks";
				PRODUCT_NAME = "$(TARGET_NAME)";
				TEST_HOST = "$(BUILT_PRODUCTS_DIR)/MGDWeek3.app/MGDWeek3";
			};
			name = Debug;
		};
		BA16C43E1B2FCEF5006B3384 /* Release */ = {
			isa = XCBuildConfiguration;
			buildSettings = {
				BUNDLE_LOADER = "$(TEST_HOST)";
				FRAMEWORK_SEARCH_PATHS = (
					"$(SDKROOT)/Developer/Library/Frameworks",
					"$(inherited)",
				);
				INFOPLIST_FILE = MGDWeek3Tests/Info.plist;
				LD_RUNPATH_SEARCH_PATHS = "$(inherited) @executable_path/Frameworks @loader_path/Frameworks";
				PRODUCT_NAME = "$(TARGET_NAME)";
				TEST_HOST = "$(BUILT_PRODUCTS_DIR)/MGDWeek3.app/MGDWeek3";
			};
			name = Release;
		};
/* End XCBuildConfiguration section */

/* Begin XCConfigurationList section */
		BA16C40C1B2FCEF4006B3384 /* Build configuration list for PBXProject "MGDWeek3" */ = {
			isa = XCConfigurationList;
			buildConfigurations = (
				BA16C4371B2FCEF5006B3384 /* Debug */,
				BA16C4381B2FCEF5006B3384 /* Release */,
			);
			defaultConfigurationIsVisible = 0;
			defaultConfigurationName = Release;
		};
		BA16C4391B2FCEF5006B3384 /* Build configuration list for PBXNativeTarget "MGDWeek3" */ = {
			isa = XCConfigurationList;
			buildConfigurations = (
				BA16C43A1B2FCEF5006B3384 /* Debug */,
				BA16C43B1B2FCEF5006B3384 /* Release */,
			);
			defaultConfigurationIsVisible = 0;
		};
		BA16C43C1B2FCEF5006B3384 /* Build configuration list for PBXNativeTarget "MGDWeek3Tests" */ = {
			isa = XCConfigurationList;
			buildConfigurations = (
				BA16C43D1B2FCEF5006B3384 /* Debug */,
				BA16C43E1B2FCEF5006B3384 /* Release */,
			);
			defaultConfigurationIsVisible = 0;
		};
/* End XCConfigurationList section */
	};
	rootObject = BA16C4091B2FCEF4006B3384 /* Project object */;
}
